github.com/coder/acp-go-sdk v0.13.5 h1:LI9jq5xon7xslaYlnoktvTVyDlE37yIk2daT7N9ASYk=
github.com/coder/acp-go-sdk v0.13.5/go.mod h1:yKzM/3R9uELp4+nBAwwtkS0aN1FOFjo11CNPy37yFko=
github.com/cpuguy83/go-md2man/v2 v2.0.6/go.mod h1:oOW0eioCTA6cOiMLiUPZOpcVxMig6NIQQ7OS05n1F4g=
github.com/hecatehq/acp-adapter-kit v0.0.0-20260619180608-663b0372d1cd h1:Oc89MewEjWSs9S97d/oqieZ41fBGRbnVkjRhBAmcbf4=
github.com/hecatehq/acp-adapter-kit v0.0.0-20260619180608-663b0372d1cd/go.mod h1:7Wl6fSNPnS2t7EgrLspkEQ5YGjp+yaStebHEHIRjqD8=
github.com/hecatehq/acp-adapter-kit v0.0.0-20260619190011-ab882c077013 h1:X5T6hgS34c17LVrBNuRyyCMwAQ3phNmrC7AEwgoX0fI=
github.com/hecatehq/acp-adapter-kit v0.0.0-20260619190011-ab882c077013/go.mod h1:7Wl6fSNPnS2t7EgrLspkEQ5YGjp+yaStebHEHIRjqD8=
github.com/hecatehq/acp-adapter-kit v0.0.0-20260619192954-01be3d5e8b8e h1:f0OMVKTl8jz+X5TK2IIEeOzfXplhMVRpP2A+NtFkHqQ=
github.com/hecatehq/acp-adapter-kit v0.0.0-20260619192954-01be3d5e8b8e/go.mod h1:7Wl6fSNPnS2t7EgrLspkEQ5YGjp+yaStebHEHIRjqD8=
github.com/hecatehq/acp-adapter-kit v0.0.0-20260619193126-e807461f1fc7 h1:zDv77mmK4NdlkCR5zm4aGEJs/zrH/NZJh4O1S6q+OT0=
github.com/hecatehq/acp-adapter-kit v0.0.0-20260619193126-e807461f1fc7/go.mod h1:7Wl6fSNPnS2t7EgrLspkEQ5YGjp+yaStebHEHIRjqD8=
github.com/hecatehq/acp-adapter-kit v0.0.0-20260619194931-bad57759b7c3 h1:z1ymg+ES42rmPBMn52OA+hWlblRsFrOSnci8d6CsPH4=
github.com/hecatehq/acp-adapter-kit v0.0.0-20260619194931-bad57759b7c3/go.mod h1:7Wl6fSNPnS2t7EgrLspkEQ5YGjp+yaStebHEHIRjqD8=
github.com/hecatehq/acp-adapter-kit v0.0.0-20260619201631-a7116924ecac h1:ui1xqYsyqrd8fIQnE0HHESxpgT9VticJTFVhLXf4aQU=
github.com/hecatehq/acp-adapter-kit v0.0.0-20260619201631-a7116924ecac/go.mod h1:7Wl6fSNPnS2t7EgrLspkEQ5YGjp+yaStebHEHIRjqD8=
github.com/inconshreveable/mousetrap v1.1.0 h1:wN+x4NVGpMsO7ErUn/mUI3vEoE6Jt13X2s0bqwp9tc8=
github.com/inconshreveable/mousetrap v1.1.0/go.mod h1:vpF70FUmC8bwa3OWnCshd2FqLfsEA9PFc4w1p2J65bw=
github.com/russross/blackfriday/v2 v2.1.0/go.mod h1:+Rmxgy9KzJVeS9/2gXHxylqXiyQDYRxCVz55jmeOWTM=
github.com/spf13/cobra v1.10.1 h1:lJeBwCfmrnXthfAupyUTzJ/J4Nc1RsHC/mSRU2dll/s=
github.com/spf13/cobra v1.10.1/go.mod h1:7SmJGaTHFVBY0jW4NXGluQoLvhqFQM+6XSKD+P4XaB0=
github.com/spf13/pflag v1.0.9 h1:9exaQaMOCwffKiiiYk6/BndUBv+iRViNW+4lEMi0PvY=
github.com/spf13/pflag v1.0.9/go.mod h1:McXfInJRrz4CZXVZOBLb0bTZqETkiAhM9Iw0y3An2Bg=
gopkg.in/check.v1 v0.0.0-20161208181325-20d25e280405/go.mod h1:Co6ibVJAznAaIkqp8huTwlJQCZ016jof/cbN4VW5Yz0=
gopkg.in/yaml.v3 v3.0.1/go.mod h1:K4uyk7z7BCEPqu6E+C64Yfv1cQ7kz7rIZviUmN+EgEM=
